{
  "nodes": {
    "flake-parts": {
      "inputs": {
        "nixpkgs-lib": "nixpkgs-lib"
      },
      "locked": {
        "lastModified": 1782949081,
        "narHash": "sha256-vp6Y/Grm98ESt6ceOkWiHWyZRDV3J1RID4w+6NWK9yA=",
        "owner": "hercules-ci",
        "repo": "flake-parts",
        "rev": "17c9d6cdfc60c64f4ee8d306f9bc0b4ccb51481e",
        "type": "github"
      },
      "original": {
        "owner": "hercules-ci",
        "repo": "flake-parts",
        "type": "github"
      }
    },
    "flake-parts_2": {
      "inputs": {
        "nixpkgs-lib": [
          "steam-config-nix",
          "nixpkgs"
        ]
      },
      "locked": {
        "lastModified": 1765835352,
        "narHash": "sha256-XswHlK/Qtjasvhd1nOa1e8MgZ8GS//jBoTqWtrS1Giw=",
        "owner": "hercules-ci",
        "repo": "flake-parts",
        "rev": "a34fae9c08a15ad73f295041fec82323541400a9",
        "type": "github"
      },
      "original": {
        "owner": "hercules-ci",
        "repo": "flake-parts",
        "type": "github"
      }
    },
    "hold-speed": {
      "flake": false,
      "locked": {
        "lastModified": 1754949758,
        "narHash": "sha256-z/F7trmp2IOOpyKAeU0PvNWGYwoNT8PIbUwaABU2j3g=",
        "owner": "AzuredBlue",
        "repo": "hold-speed",
        "rev": "9bd8f8f825995d04a7a7bdde0f9bbde149783521",
        "type": "github"
      },
      "original": {
        "owner": "AzuredBlue",
        "repo": "hold-speed",
        "type": "github"
      }
    },
    "home-manager": {
      "inputs": {
        "nixpkgs": [
          "nixpkgs"
        ]
      },
      "locked": {
        "lastModified": 1786538400,
        "narHash": "sha256-PH8B1YKxedcWKNw2xsk6cKPVk/rJoLgdlWd5d+Icies=",
        "owner": "nix-community",
        "repo": "home-manager",
        "rev": "e13ba5e5abbd9b912fa8c6979bd119e87ca7fdd9",
        "type": "github"
      },
      "original": {
        "owner": "nix-community",
        "repo": "home-manager",
        "type": "github"
      }
    },
    "millennium": {
      "inputs": {
        "millennium-src": "millennium-src",
        "nixpkgs": [
          "nixpkgs"
        ]
      },
      "locked": {
        "dir": "packages/nix",
        "lastModified": 1786390927,
        "narHash": "sha256-rG9VwNR5bZIOzjYRjuY0SRqfx37spn0QQywPgITszQY=",
        "owner": "SteamClientHomebrew",
        "repo": "Millennium",
        "rev": "816514f939ce8696ae8262b4e0c2123f593db08c",
        "type": "github"
      },
      "original": {
        "dir": "packages/nix",
        "owner": "SteamClientHomebrew",
        "repo": "Millennium",
        "type": "github"
      }
    },
    "millennium-src": {
      "flake": false,
      "locked": {
        "lastModified": 1783268941,
        "narHash": "sha256-MJLJ0I48HXgfOpISTAbDMYMUdWj9A6M+jGQz4uAvwyw=",
        "owner": "SteamClientHomebrew",
        "repo": "Millennium",
        "rev": "f37f05bdbd4727d873a1ad83ce72d062ef9a0c48",
        "type": "github"
      },
      "original": {
        "owner": "SteamClientHomebrew",
        "repo": "Millennium",
        "rev": "f37f05bdbd4727d873a1ad83ce72d062ef9a0c48",
        "type": "github"
      }
    },
    "nixcord": {
      "inputs": {
        "flake-parts": "flake-parts",
        "nixpkgs": [
          "nixpkgs"
        ],
        "nixpkgs-nixcord": "nixpkgs-nixcord",
        "treefmt-nix": "treefmt-nix"
      },
      "locked": {
        "lastModified": 1786530600,
        "narHash": "sha256-4bsIkFdLMj/IkYIC6D4MmMGz/oR0WAKkHW0Umm1NJ9M=",
        "owner": "FlameFlag",
        "repo": "nixcord",
        "rev": "f4c14da614eb4e146cd8b65426038c75b06596f9",
        "type": "github"
      },
      "original": {
        "owner": "FlameFlag",
        "repo": "nixcord",
        "type": "github"
      }
    },
    "nixpkgs": {
      "locked": {
        "lastModified": 1786384358,
        "narHash": "sha256-RzPPiWeUtuvymnpuEWsdtzli5w4kjZs49FqEs3/1u+I=",
        "owner": "nixos",
        "repo": "nixpkgs",
        "rev": "2fcb964de67fcf60b43471c55d5d99e61a9ccb5a",
        "type": "github"
      },
      "original": {
        "owner": "nixos",
        "ref": "nixos-unstable",
        "repo": "nixpkgs",
        "type": "github"
      }
    },
    "nixpkgs-lib": {
      "locked": {
        "lastModified": 1782614948,
        "narHash": "sha256-ePjCwr1sNm9NYUqywL7QfK3JnlS015msC+eBu2zKlp8=",
        "owner": "nix-community",
        "repo": "nixpkgs.lib",
        "rev": "db3f255737b94216eb71cce308e2912cf6bc2d7c",
        "type": "github"
      },
      "original": {
        "owner": "nix-community",
        "repo": "nixpkgs.lib",
        "type": "github"
      }
    },
    "nixpkgs-nixcord": {
      "locked": {
        "lastModified": 1785386831,
        "narHash": "sha256-sPS3CaXH8RAT3FZRuy4VcV47iuYIWMMfa0GbyJKC3o4=",
        "owner": "NixOS",
        "repo": "nixpkgs",
        "rev": "21ea275a7c46aef9d4d6ddc962e6d562e9d94183",
        "type": "github"
      },
      "original": {
        "owner": "NixOS",
        "ref": "nixos-26.05",
        "repo": "nixpkgs",
        "type": "github"
      }
    },
    "plasma-manager": {
      "inputs": {
        "home-manager": [
          "home-manager"
        ],
        "nixpkgs": [
          "nixpkgs"
        ]
      },
      "locked": {
        "lastModified": 1785762349,
        "narHash": "sha256-jZhZkzAwc7f3exzcTDJWP2WCAchCv0iNC3UF/QsahdQ=",
        "owner": "nix-community",
        "repo": "plasma-manager",
        "rev": "a19a2a029fa180911bd89c554dca1616e10f4c1d",
        "type": "github"
      },
      "original": {
        "owner": "nix-community",
        "repo": "plasma-manager",
        "type": "github"
      }
    },
    "root": {
      "inputs": {
        "hold-speed": "hold-speed",
        "home-manager": "home-manager",
        "millennium": "millennium",
        "nixcord": "nixcord",
        "nixpkgs": "nixpkgs",
        "plasma-manager": "plasma-manager",
        "seek-to": "seek-to",
        "steam-config-nix": "steam-config-nix",
        "thumbfast": "thumbfast",
        "videoclip": "videoclip",
        "visualizer": "visualizer"
      }
    },
    "seek-to": {
      "flake": false,
      "locked": {
        "lastModified": 1762019928,
        "narHash": "sha256-v3TGsCzSg+a1vrOgI5NbTVf8Bh/iMRRgwMy194sNq1Y=",
        "owner": "occivink",
        "repo": "mpv-scripts",
        "rev": "01f3e99558915bb715b614d7f4b052230360eb21",
        "type": "github"
      },
      "original": {
        "owner": "occivink",
        "repo": "mpv-scripts",
        "type": "github"
      }
    },
    "steam-config-nix": {
      "inputs": {
        "flake-parts": "flake-parts_2",
        "nixpkgs": [
          "nixpkgs"
        ],
        "systems": "systems"
      },
      "locked": {
        "lastModified": 1786404789,
        "narHash": "sha256-1vIFoWic+iPlhv5NZimy1k5ikFgITiezQxAltR0756c=",
        "owner": "different-name",
        "repo": "steam-config-nix",
        "rev": "02517f006079a6a3f16bae5982e72a2a48883742",
        "type": "github"
      },
      "original": {
        "owner": "different-name",
        "repo": "steam-config-nix",
        "type": "github"
      }
    },
    "systems": {
      "locked": {
        "lastModified": 1681028828,
        "narHash": "sha256-Vy1rq5AaRuLzOxct8nz4T6wlgyUR7zLU309k9mBC768=",
        "owner": "nix-systems",
        "repo": "default",
        "rev": "da67096a3b9bf56a91d16901293e51ba5b49a27e",
        "type": "github"
      },
      "original": {
        "owner": "nix-systems",
        "repo": "default",
        "type": "github"
      }
    },
    "thumbfast": {
      "flake": false,
      "locked": {
        "lastModified": 1782663211,
        "narHash": "sha256-LVeEtzOMVSgBqN9z6VQLZnxXfrOUoQPOWazVXmj3ZFY=",
        "owner": "po5",
        "repo": "thumbfast",
        "rev": "0f711de3138c9bd6718209d819ac54022c23ded2",
        "type": "github"
      },
      "original": {
        "owner": "po5",
        "repo": "thumbfast",
        "type": "github"
      }
    },
    "treefmt-nix": {
      "inputs": {
        "nixpkgs": [
          "nixcord",
          "nixpkgs"
        ]
      },
      "locked": {
        "lastModified": 1785360170,
        "narHash": "sha256-XE1lKgQ3eIO3E7zWryqcRsax+mYXod/5RHBn4YaR9YE=",
        "owner": "numtide",
        "repo": "treefmt-nix",
        "rev": "d1187f8bc71fb8aab02395869ec3f5c1920f75c0",
        "type": "github"
      },
      "original": {
        "owner": "numtide",
        "repo": "treefmt-nix",
        "type": "github"
      }
    },
    "videoclip": {
      "flake": false,
      "locked": {
        "lastModified": 1785370738,
        "narHash": "sha256-lfj4WWu6/mthRAElZ62XXfeDZXE+j+INvt+OndAhnps=",
        "owner": "Ajatt-Tools",
        "repo": "videoclip",
        "rev": "d9d4b8b4dfc94f0c549d685f398e6b27c0be2e07",
        "type": "github"
      },
      "original": {
        "owner": "Ajatt-Tools",
        "repo": "videoclip",
        "type": "github"
      }
    },
    "visualizer": {
      "flake": false,
      "locked": {
        "lastModified": 1762503352,
        "narHash": "sha256-+4QV1f+8YffevXNYETHDl4Rwb5cDx+YBbaDk7MscHEU=",
        "owner": "mfcc64",
        "repo": "mpv-scripts",
        "rev": "fd73f95c6b642366adf1df8dd4ff998d89d2e13e",
        "type": "github"
      },
      "original": {
        "owner": "mfcc64",
        "repo": "mpv-scripts",
        "type": "github"
      }
    }
  },
  "root": "root",
  "version": 7
}
