{
  "nodes": {
    "crane": {
      "locked": {
        "lastModified": 1780532242,
        "narHash": "sha256-D+BsdpxmtUwtqGoY0IXPhHgTlmqgcZKCEo1oMyn7ep0=",
        "owner": "ipetkov",
        "repo": "crane",
        "rev": "59a82a1222dd3b2080b5cc52a1a2e8d5f1b77f37",
        "type": "github"
      },
      "original": {
        "owner": "ipetkov",
        "repo": "crane",
        "type": "github"
      }
    },
    "flake-compat": {
      "locked": {
        "lastModified": 1733328505,
        "narHash": "sha256-NeCCThCEP3eCl2l/+27kNNK7QrwZB1IJCrXfrbv5oqU=",
        "rev": "ff81ac966bb2cae68946d5ed5fc4994f96d0ffec",
        "revCount": 69,
        "type": "tarball",
        "url": "https://api.flakehub.com/f/pinned/edolstra/flake-compat/1.1.0/01948eb7-9cba-704f-bbf3-3fa956735b52/source.tar.gz"
      },
      "original": {
        "type": "tarball",
        "url": "https://flakehub.com/f/edolstra/flake-compat/1.tar.gz"
      }
    },
    "flake-parts": {
      "inputs": {
        "nixpkgs-lib": "nixpkgs-lib"
      },
      "locked": {
        "lastModified": 1778716662,
        "narHash": "sha256-m1Yf0wZ8j1OHjTc2UwHwyQRSnNeSgLJOd7q5Y45hzi4=",
        "owner": "hercules-ci",
        "repo": "flake-parts",
        "rev": "f7c1a2d347e4c52d5fb8d10cb4d94b5884e546fb",
        "type": "github"
      },
      "original": {
        "owner": "hercules-ci",
        "repo": "flake-parts",
        "type": "github"
      }
    },
    "flake-parts_2": {
      "inputs": {
        "nixpkgs-lib": [
          "steam-config-nix",
          "nixpkgs"
        ]
      },
      "locked": {
        "lastModified": 1765835352,
        "narHash": "sha256-XswHlK/Qtjasvhd1nOa1e8MgZ8GS//jBoTqWtrS1Giw=",
        "owner": "hercules-ci",
        "repo": "flake-parts",
        "rev": "a34fae9c08a15ad73f295041fec82323541400a9",
        "type": "github"
      },
      "original": {
        "owner": "hercules-ci",
        "repo": "flake-parts",
        "type": "github"
      }
    },
    "hold-speed": {
      "flake": false,
      "locked": {
        "lastModified": 1754949758,
        "narHash": "sha256-z/F7trmp2IOOpyKAeU0PvNWGYwoNT8PIbUwaABU2j3g=",
        "owner": "AzuredBlue",
        "repo": "hold-speed",
        "rev": "9bd8f8f825995d04a7a7bdde0f9bbde149783521",
        "type": "github"
      },
      "original": {
        "owner": "AzuredBlue",
        "repo": "hold-speed",
        "type": "github"
      }
    },
    "home-manager": {
      "inputs": {
        "nixpkgs": [
          "nixpkgs"
        ]
      },
      "locked": {
        "lastModified": 1783134515,
        "narHash": "sha256-qMoZazubXlXUD9k/syJ/aiWC4X4g73mwVmZ7Z4+rdpM=",
        "owner": "nix-community",
        "repo": "home-manager",
        "rev": "b885baad531fa3d3beae2ba9a0712d22974d8016",
        "type": "github"
      },
      "original": {
        "owner": "nix-community",
        "repo": "home-manager",
        "type": "github"
      }
    },
    "kopuz": {
      "inputs": {
        "crane": "crane",
        "nixpkgs": "nixpkgs",
        "rust-overlay": "rust-overlay"
      },
      "locked": {
        "lastModified": 1783156831,
        "narHash": "sha256-QzK5TvQ0DRFf2yzRa/8CJVPHpGdeE/RQ1EvBOtjKlpA=",
        "owner": "temidaradev",
        "repo": "kopuz",
        "rev": "975b9ec1e5cd873370a683c120a15b149b0dcc01",
        "type": "github"
      },
      "original": {
        "owner": "temidaradev",
        "repo": "kopuz",
        "type": "github"
      }
    },
    "millennium": {
      "inputs": {
        "millennium-src": "millennium-src",
        "nixpkgs": [
          "nixpkgs"
        ]
      },
      "locked": {
        "dir": "packages/nix",
        "lastModified": 1782693511,
        "narHash": "sha256-ytACEe0dcb9RgBB4sioGZGzn9H/zhSYI4HE9uXcRgw0=",
        "owner": "SteamClientHomebrew",
        "repo": "Millennium",
        "rev": "e58ead4df900a4391ee1e6a7efe9294d6283aeb3",
        "type": "github"
      },
      "original": {
        "dir": "packages/nix",
        "owner": "SteamClientHomebrew",
        "repo": "Millennium",
        "type": "github"
      }
    },
    "millennium-src": {
      "flake": false,
      "locked": {
        "lastModified": 1782175707,
        "narHash": "sha256-nAgnski2c247PqLtcK3g5NER7hVj/zlCJd9CTb2lne4=",
        "owner": "SteamClientHomebrew",
        "repo": "Millennium",
        "rev": "5729ba4bb432a071a0276abb416b2c26d27afa71",
        "type": "github"
      },
      "original": {
        "owner": "SteamClientHomebrew",
        "repo": "Millennium",
        "rev": "5729ba4bb432a071a0276abb416b2c26d27afa71",
        "type": "github"
      }
    },
    "nixcord": {
      "inputs": {
        "flake-compat": "flake-compat",
        "flake-parts": "flake-parts",
        "nixpkgs": [
          "nixpkgs"
        ],
        "nixpkgs-nixcord": "nixpkgs-nixcord"
      },
      "locked": {
        "lastModified": 1783074296,
        "narHash": "sha256-PhKjyxSpIEf1kNvySyoDx4XNYWghi69KwqH+AnTxO7Y=",
        "owner": "FlameFlag",
        "repo": "nixcord",
        "rev": "5f428154cf5d148f15c602f3afd04983e68ef364",
        "type": "github"
      },
      "original": {
        "owner": "FlameFlag",
        "repo": "nixcord",
        "type": "github"
      }
    },
    "nixpkgs": {
      "locked": {
        "lastModified": 1781074563,
        "narHash": "sha256-d34lhgOet4IqYMnCxbIvwFBMOyTV6PT4TyNEOP0/ZhU=",
        "rev": "9ae611a455b90cf061d8f332b977e387bda8e1ca",
        "type": "tarball",
        "url": "https://releases.nixos.org/nixos/unstable/nixos-26.11pre1014179.9ae611a455b9/nixexprs.tar.xz"
      },
      "original": {
        "type": "tarball",
        "url": "https://channels.nixos.org/nixos-unstable/nixexprs.tar.xz"
      }
    },
    "nixpkgs-lib": {
      "locked": {
        "lastModified": 1777168982,
        "narHash": "sha256-GOkGPcboWE9BmGCRMLX3worL4EMnsnG8MyKmXNeYuhQ=",
        "owner": "nix-community",
        "repo": "nixpkgs.lib",
        "rev": "f5901329dade4a6ea039af1433fb087bd9c1fe14",
        "type": "github"
      },
      "original": {
        "owner": "nix-community",
        "repo": "nixpkgs.lib",
        "type": "github"
      }
    },
    "nixpkgs-nixcord": {
      "locked": {
        "lastModified": 1781216227,
        "narHash": "sha256-9mUW6gNwoN2SWc/l0fW4svPNOulXLl8ijqKyeSOGgJE=",
        "owner": "NixOS",
        "repo": "nixpkgs",
        "rev": "a0374025a863d007d98e3297f6aa46cc3141c2f0",
        "type": "github"
      },
      "original": {
        "owner": "NixOS",
        "ref": "nixos-26.05",
        "repo": "nixpkgs",
        "type": "github"
      }
    },
    "nixpkgs_2": {
      "locked": {
        "lastModified": 1782959384,
        "narHash": "sha256-xnJJk+ct+D2+wdRxj1wk36w5zV9RVESwRqcklPdt3fM=",
        "owner": "nixos",
        "repo": "nixpkgs",
        "rev": "65179426c83bb3f6bc14898b42ea1c6f01d374b0",
        "type": "github"
      },
      "original": {
        "owner": "nixos",
        "ref": "nixos-unstable",
        "repo": "nixpkgs",
        "type": "github"
      }
    },
    "plasma-manager": {
      "inputs": {
        "home-manager": [
          "home-manager"
        ],
        "nixpkgs": [
          "nixpkgs"
        ]
      },
      "locked": {
        "lastModified": 1775856943,
        "narHash": "sha256-b7Mp7P+q2Md5AGt4rjHfMcBykzMumFTen10ST++AuTU=",
        "owner": "nix-community",
        "repo": "plasma-manager",
        "rev": "a524a6160e6df89f7673ba293cf7d78b559eb1a5",
        "type": "github"
      },
      "original": {
        "owner": "nix-community",
        "repo": "plasma-manager",
        "type": "github"
      }
    },
    "root": {
      "inputs": {
        "hold-speed": "hold-speed",
        "home-manager": "home-manager",
        "kopuz": "kopuz",
        "millennium": "millennium",
        "nixcord": "nixcord",
        "nixpkgs": "nixpkgs_2",
        "plasma-manager": "plasma-manager",
        "seek-to": "seek-to",
        "steam-config-nix": "steam-config-nix",
        "thumbfast": "thumbfast",
        "videoclip": "videoclip",
        "visualizer": "visualizer"
      }
    },
    "rust-overlay": {
      "inputs": {
        "nixpkgs": [
          "kopuz",
          "nixpkgs"
        ]
      },
      "locked": {
        "lastModified": 1781580018,
        "narHash": "sha256-BlTedbM77FmesD2ZqR73vhFy+y77UrhefV7IYw1pDsk=",
        "owner": "oxalica",
        "repo": "rust-overlay",
        "rev": "8bceba21a1ebea535c27c4dc723a0d5a4db9e386",
        "type": "github"
      },
      "original": {
        "owner": "oxalica",
        "repo": "rust-overlay",
        "type": "github"
      }
    },
    "seek-to": {
      "flake": false,
      "locked": {
        "lastModified": 1762019928,
        "narHash": "sha256-v3TGsCzSg+a1vrOgI5NbTVf8Bh/iMRRgwMy194sNq1Y=",
        "owner": "occivink",
        "repo": "mpv-scripts",
        "rev": "01f3e99558915bb715b614d7f4b052230360eb21",
        "type": "github"
      },
      "original": {
        "owner": "occivink",
        "repo": "mpv-scripts",
        "type": "github"
      }
    },
    "steam-config-nix": {
      "inputs": {
        "flake-parts": "flake-parts_2",
        "nixpkgs": [
          "nixpkgs"
        ],
        "systems": "systems"
      },
      "locked": {
        "lastModified": 1783143554,
        "narHash": "sha256-3rexOR7fmfOp66owFfuTyVgdH/PUGiGNkHeNEwHfKlg=",
        "owner": "different-name",
        "repo": "steam-config-nix",
        "rev": "3f469518d973ab6e6fcf871ca6cd767dd489be48",
        "type": "github"
      },
      "original": {
        "owner": "different-name",
        "repo": "steam-config-nix",
        "type": "github"
      }
    },
    "systems": {
      "locked": {
        "lastModified": 1681028828,
        "narHash": "sha256-Vy1rq5AaRuLzOxct8nz4T6wlgyUR7zLU309k9mBC768=",
        "owner": "nix-systems",
        "repo": "default",
        "rev": "da67096a3b9bf56a91d16901293e51ba5b49a27e",
        "type": "github"
      },
      "original": {
        "owner": "nix-systems",
        "repo": "default",
        "type": "github"
      }
    },
    "thumbfast": {
      "flake": false,
      "locked": {
        "lastModified": 1782663211,
        "narHash": "sha256-LVeEtzOMVSgBqN9z6VQLZnxXfrOUoQPOWazVXmj3ZFY=",
        "owner": "po5",
        "repo": "thumbfast",
        "rev": "0f711de3138c9bd6718209d819ac54022c23ded2",
        "type": "github"
      },
      "original": {
        "owner": "po5",
        "repo": "thumbfast",
        "type": "github"
      }
    },
    "videoclip": {
      "flake": false,
      "locked": {
        "lastModified": 1780178035,
        "narHash": "sha256-NZaflGehxoIf9eY3/p9WrKXXQj3x6GDZ6iMLeu5BhPc=",
        "owner": "Ajatt-Tools",
        "repo": "videoclip",
        "rev": "d9a3e0966b238b824b86767956eb44a11ac367c6",
        "type": "github"
      },
      "original": {
        "owner": "Ajatt-Tools",
        "repo": "videoclip",
        "type": "github"
      }
    },
    "visualizer": {
      "flake": false,
      "locked": {
        "lastModified": 1762503352,
        "narHash": "sha256-+4QV1f+8YffevXNYETHDl4Rwb5cDx+YBbaDk7MscHEU=",
        "owner": "mfcc64",
        "repo": "mpv-scripts",
        "rev": "fd73f95c6b642366adf1df8dd4ff998d89d2e13e",
        "type": "github"
      },
      "original": {
        "owner": "mfcc64",
        "repo": "mpv-scripts",
        "type": "github"
      }
    }
  },
  "root": "root",
  "version": 7
}
