{
  "nodes": {
    "flake-compat": {
      "locked": {
        "lastModified": 1733328505,
        "narHash": "sha256-NeCCThCEP3eCl2l/+27kNNK7QrwZB1IJCrXfrbv5oqU=",
        "rev": "ff81ac966bb2cae68946d5ed5fc4994f96d0ffec",
        "revCount": 69,
        "type": "tarball",
        "url": "https://api.flakehub.com/f/pinned/edolstra/flake-compat/1.1.0/01948eb7-9cba-704f-bbf3-3fa956735b52/source.tar.gz"
      },
      "original": {
        "type": "tarball",
        "url": "https://flakehub.com/f/edolstra/flake-compat/1.tar.gz"
      }
    },
    "flake-parts": {
      "inputs": {
        "nixpkgs-lib": "nixpkgs-lib"
      },
      "locked": {
        "lastModified": 1778716662,
        "narHash": "sha256-m1Yf0wZ8j1OHjTc2UwHwyQRSnNeSgLJOd7q5Y45hzi4=",
        "owner": "hercules-ci",
        "repo": "flake-parts",
        "rev": "f7c1a2d347e4c52d5fb8d10cb4d94b5884e546fb",
        "type": "github"
      },
      "original": {
        "owner": "hercules-ci",
        "repo": "flake-parts",
        "type": "github"
      }
    },
    "flake-parts_2": {
      "inputs": {
        "nixpkgs-lib": [
          "steam-config-nix",
          "nixpkgs"
        ]
      },
      "locked": {
        "lastModified": 1765835352,
        "narHash": "sha256-XswHlK/Qtjasvhd1nOa1e8MgZ8GS//jBoTqWtrS1Giw=",
        "owner": "hercules-ci",
        "repo": "flake-parts",
        "rev": "a34fae9c08a15ad73f295041fec82323541400a9",
        "type": "github"
      },
      "original": {
        "owner": "hercules-ci",
        "repo": "flake-parts",
        "type": "github"
      }
    },
    "hold-speed": {
      "flake": false,
      "locked": {
        "lastModified": 1754949758,
        "narHash": "sha256-z/F7trmp2IOOpyKAeU0PvNWGYwoNT8PIbUwaABU2j3g=",
        "owner": "AzuredBlue",
        "repo": "hold-speed",
        "rev": "9bd8f8f825995d04a7a7bdde0f9bbde149783521",
        "type": "github"
      },
      "original": {
        "owner": "AzuredBlue",
        "repo": "hold-speed",
        "type": "github"
      }
    },
    "home-manager": {
      "inputs": {
        "nixpkgs": [
          "nixpkgs"
        ]
      },
      "locked": {
        "lastModified": 1781844424,
        "narHash": "sha256-sWBr0D6eu6UhmtM87NOd4oOYilIclFXGDd/s7tVvO10=",
        "owner": "nix-community",
        "repo": "home-manager",
        "rev": "c804fab681f03ec772390af4421bcc9bce80c1d9",
        "type": "github"
      },
      "original": {
        "owner": "nix-community",
        "repo": "home-manager",
        "type": "github"
      }
    },
    "nixcord": {
      "inputs": {
        "flake-compat": "flake-compat",
        "flake-parts": "flake-parts",
        "nixpkgs": [
          "nixpkgs"
        ],
        "nixpkgs-nixcord": "nixpkgs-nixcord"
      },
      "locked": {
        "lastModified": 1781862390,
        "narHash": "sha256-nkuPgWcbHX5o4EkqdmdLJas6WgmcxeB+MkPi0/g31Xs=",
        "owner": "FlameFlag",
        "repo": "nixcord",
        "rev": "b647b27679fd39b6fbe5f30ae97a5794804c9e91",
        "type": "github"
      },
      "original": {
        "owner": "FlameFlag",
        "repo": "nixcord",
        "type": "github"
      }
    },
    "nixpkgs": {
      "locked": {
        "lastModified": 1781577229,
        "narHash": "sha256-lrp67w8AulE9Ks53n27I45ADSzbOCn4H+CNW1Ck8B+8=",
        "owner": "nixos",
        "repo": "nixpkgs",
        "rev": "567a49d1913ce81ac6e9582e3553dd90a955875f",
        "type": "github"
      },
      "original": {
        "owner": "nixos",
        "ref": "nixos-unstable",
        "repo": "nixpkgs",
        "type": "github"
      }
    },
    "nixpkgs-lib": {
      "locked": {
        "lastModified": 1777168982,
        "narHash": "sha256-GOkGPcboWE9BmGCRMLX3worL4EMnsnG8MyKmXNeYuhQ=",
        "owner": "nix-community",
        "repo": "nixpkgs.lib",
        "rev": "f5901329dade4a6ea039af1433fb087bd9c1fe14",
        "type": "github"
      },
      "original": {
        "owner": "nix-community",
        "repo": "nixpkgs.lib",
        "type": "github"
      }
    },
    "nixpkgs-nixcord": {
      "locked": {
        "lastModified": 1780453794,
        "narHash": "sha256-bXMRa9VTsHSPXL4Cw8R6JJLQeY3Y/IP4+YJCYVmQ7FY=",
        "owner": "NixOS",
        "repo": "nixpkgs",
        "rev": "6b316287bae2ee04c9b93c8c858d930fd07d7338",
        "type": "github"
      },
      "original": {
        "owner": "NixOS",
        "ref": "nixos-26.05",
        "repo": "nixpkgs",
        "type": "github"
      }
    },
    "plasma-manager": {
      "inputs": {
        "home-manager": [
          "home-manager"
        ],
        "nixpkgs": [
          "nixpkgs"
        ]
      },
      "locked": {
        "lastModified": 1775856943,
        "narHash": "sha256-b7Mp7P+q2Md5AGt4rjHfMcBykzMumFTen10ST++AuTU=",
        "owner": "nix-community",
        "repo": "plasma-manager",
        "rev": "a524a6160e6df89f7673ba293cf7d78b559eb1a5",
        "type": "github"
      },
      "original": {
        "owner": "nix-community",
        "repo": "plasma-manager",
        "type": "github"
      }
    },
    "root": {
      "inputs": {
        "hold-speed": "hold-speed",
        "home-manager": "home-manager",
        "nixcord": "nixcord",
        "nixpkgs": "nixpkgs",
        "plasma-manager": "plasma-manager",
        "seek-to": "seek-to",
        "steam-config-nix": "steam-config-nix",
        "thumbfast": "thumbfast",
        "videoclip": "videoclip",
        "visualizer": "visualizer"
      }
    },
    "seek-to": {
      "flake": false,
      "locked": {
        "lastModified": 1762019928,
        "narHash": "sha256-v3TGsCzSg+a1vrOgI5NbTVf8Bh/iMRRgwMy194sNq1Y=",
        "owner": "occivink",
        "repo": "mpv-scripts",
        "rev": "01f3e99558915bb715b614d7f4b052230360eb21",
        "type": "github"
      },
      "original": {
        "owner": "occivink",
        "repo": "mpv-scripts",
        "type": "github"
      }
    },
    "steam-config-nix": {
      "inputs": {
        "flake-parts": "flake-parts_2",
        "nixpkgs": [
          "nixpkgs"
        ],
        "systems": "systems"
      },
      "locked": {
        "lastModified": 1781834224,
        "narHash": "sha256-l9pVFs8+CmCvC+feR/PL5vstu3CVmKx/xCW8fGmux0c=",
        "owner": "different-name",
        "repo": "steam-config-nix",
        "rev": "22c06e684b0785f9031872e0af7d9a96d27ad87c",
        "type": "github"
      },
      "original": {
        "owner": "different-name",
        "repo": "steam-config-nix",
        "type": "github"
      }
    },
    "systems": {
      "locked": {
        "lastModified": 1681028828,
        "narHash": "sha256-Vy1rq5AaRuLzOxct8nz4T6wlgyUR7zLU309k9mBC768=",
        "owner": "nix-systems",
        "repo": "default",
        "rev": "da67096a3b9bf56a91d16901293e51ba5b49a27e",
        "type": "github"
      },
      "original": {
        "owner": "nix-systems",
        "repo": "default",
        "type": "github"
      }
    },
    "thumbfast": {
      "flake": false,
      "locked": {
        "lastModified": 1738699920,
        "narHash": "sha256-avG1CRBrs0UM4HcFMUVAQyOtcIFkZ/H+PbjZJKU7o2A=",
        "owner": "po5",
        "repo": "thumbfast",
        "rev": "9deb0733c4e36938cf90e42ddfb7a19a8b2f4641",
        "type": "github"
      },
      "original": {
        "owner": "po5",
        "repo": "thumbfast",
        "type": "github"
      }
    },
    "videoclip": {
      "flake": false,
      "locked": {
        "lastModified": 1780178035,
        "narHash": "sha256-NZaflGehxoIf9eY3/p9WrKXXQj3x6GDZ6iMLeu5BhPc=",
        "owner": "Ajatt-Tools",
        "repo": "videoclip",
        "rev": "d9a3e0966b238b824b86767956eb44a11ac367c6",
        "type": "github"
      },
      "original": {
        "owner": "Ajatt-Tools",
        "repo": "videoclip",
        "type": "github"
      }
    },
    "visualizer": {
      "flake": false,
      "locked": {
        "lastModified": 1762503352,
        "narHash": "sha256-+4QV1f+8YffevXNYETHDl4Rwb5cDx+YBbaDk7MscHEU=",
        "owner": "mfcc64",
        "repo": "mpv-scripts",
        "rev": "fd73f95c6b642366adf1df8dd4ff998d89d2e13e",
        "type": "github"
      },
      "original": {
        "owner": "mfcc64",
        "repo": "mpv-scripts",
        "type": "github"
      }
    }
  },
  "root": "root",
  "version": 7
}
